// !$*UTF8*$!
{
	archiveVersion = 1;
	classes = {
	};
	objectVersion = 46;
	objects = {

/* Begin PBXBuildFile section */
		ED19860D1E62DF1900552315 /* AppDelegate.swift in Sources */ = {isa = PBXBuildFile; fileRef = ED19860C1E62DF1900552315 /* AppDelegate.swift */; };
		ED19860F1E62DF1900552315 /* ViewController.swift in Sources */ = {isa = PBXBuildFile; fileRef = ED19860E1E62DF1900552315 /* ViewController.swift */; };
		ED1986121E62DF1900552315 /* Main.storyboard in Resources */ = {isa = PBXBuildFile; fileRef = ED1986101E62DF1900552315 /* Main.storyboard */; };
		ED1986141E62DF1900552315 /* Assets.xcassets in Resources */ = {isa = PBXBuildFile; fileRef = ED1986131E62DF1900552315 /* Assets.xcassets */; };
		ED1986171E62DF1900552315 /* LaunchScreen.storyboard in Resources */ = {isa = PBXBuildFile; fileRef = ED1986151E62DF1900552315 /* LaunchScreen.storyboard */; };
		ED19861F1E62E0C100552315 /* ActivityView.xib in Resources */ = {isa = PBXBuildFile; fileRef = ED19861E1E62E0C100552315 /* ActivityView.xib */; };
		ED1986231E62E83800552315 /* AppDelegate.swift in Sources */ = {isa = PBXBuildFile; fileRef = ED19860C1E62DF1900552315 /* AppDelegate.swift */; };
		ED1986261E62E83800552315 /* LaunchScreen.storyboard in Resources */ = {isa = PBXBuildFile; fileRef = ED1986151E62DF1900552315 /* LaunchScreen.storyboard */; };
		ED1986271E62E83800552315 /* ActivityView.xib in Resources */ = {isa = PBXBuildFile; fileRef = ED19861E1E62E0C100552315 /* ActivityView.xib */; };
		ED1986281E62E83800552315 /* Assets.xcassets in Resources */ = {isa = PBXBuildFile; fileRef = ED1986131E62DF1900552315 /* Assets.xcassets */; };
		ED1986291E62E83800552315 /* Main.storyboard in Resources */ = {isa = PBXBuildFile; fileRef = ED1986101E62DF1900552315 /* Main.storyboard */; };
		ED1986341E62E93E00552315 /* ViewController.m in Sources */ = {isa = PBXBuildFile; fileRef = ED1986331E62E93E00552315 /* ViewController.m */; };
		EDE427BC1E63C3A900B22DD5 /* Main-oc.storyboard in Resources */ = {isa = PBXBuildFile; fileRef = EDE427B81E63C33400B22DD5 /* Main-oc.storyboard */; };
/* End PBXBuildFile section */

/* Begin PBXFileReference section */
		ED1986091E62DF1900552315 /* snow-effect.app */ = {isa = PBXFileReference; explicitFileType = wrapper.application; includeInIndex = 0; path = "snow-effect.app"; sourceTree = BUILT_PRODUCTS_DIR; };
		ED19860C1E62DF1900552315 /* AppDelegate.swift */ = {isa = PBXFileReference; lastKnownFileType = sourcecode.swift; path = AppDelegate.swift; sourceTree = "<group>"; };
		ED19860E1E62DF1900552315 /* ViewController.swift */ = {isa = PBXFileReference; lastKnownFileType = sourcecode.swift; path = ViewController.swift; sourceTree = "<group>"; };
		ED1986111E62DF1900552315 /* Base */ = {isa = PBXFileReference; lastKnownFileType = file.storyboard; name = Base; path = Base.lproj/Main.storyboard; sourceTree = "<group>"; };
		ED1986131E62DF1900552315 /* Assets.xcassets */ = {isa = PBXFileReference; lastKnownFileType = folder.assetcatalog; path = Assets.xcassets; sourceTree = "<group>"; };
		ED1986161E62DF1900552315 /* Base */ = {isa = PBXFileReference; lastKnownFileType = file.storyboard; name = Base; path = Base.lproj/LaunchScreen.storyboard; sourceTree = "<group>"; };
		ED1986181E62DF1900552315 /* Info.plist */ = {isa = PBXFileReference; lastKnownFileType = text.plist.xml; path = Info.plist; sourceTree = "<group>"; };
		ED19861E1E62E0C100552315 /* ActivityView.xib */ = {isa = PBXFileReference; fileEncoding = 4; lastKnownFileType = file.xib; path = ActivityView.xib; sourceTree = "<group>"; };
		ED19862D1E62E83800552315 /* snow-effect-oc.app */ = {isa = PBXFileReference; explicitFileType = wrapper.application; includeInIndex = 0; path = "snow-effect-oc.app"; sourceTree = BUILT_PRODUCTS_DIR; };
		ED1986311E62E93E00552315 /* snow-effect-oc-Bridging-Header.h */ = {isa = PBXFileReference; lastKnownFileType = sourcecode.c.h; path = "snow-effect-oc-Bridging-Header.h"; sourceTree = "<group>"; };
		ED1986321E62E93E00552315 /* ViewController.h */ = {isa = PBXFileReference; fileEncoding = 4; lastKnownFileType = sourcecode.c.h; path = ViewController.h; sourceTree = "<group>"; };
		ED1986331E62E93E00552315 /* ViewController.m */ = {isa = PBXFileReference; fileEncoding = 4; lastKnownFileType = sourcecode.c.objc; path = ViewController.m; sourceTree = "<group>"; };
		EDE427B81E63C33400B22DD5 /* Main-oc.storyboard */ = {isa = PBXFileReference; fileEncoding = 4; lastKnownFileType = file.storyboard; path = "Main-oc.storyboard"; sourceTree = "<group>"; };
		EDE427BB1E63C37900B22DD5 /* snow-effect-oc-Info.plist */ = {isa = PBXFileReference; lastKnownFileType = text.plist.xml; path = "snow-effect-oc-Info.plist"; sourceTree = "<group>"; };
/* End PBXFileReference section */

/* Begin PBXFrameworksBuildPhase section */
		ED1986061E62DF1900552315 /* Frameworks */ = {
			isa = PBXFrameworksBuildPhase;
			buildActionMask = 2147483647;
			files = (
			);
			runOnlyForDeploymentPostprocessing = 0;
		};
		ED1986241E62E83800552315 /* Frameworks */ = {
			isa = PBXFrameworksBuildPhase;
			buildActionMask = 2147483647;
			files = (
			);
			runOnlyForDeploymentPostprocessing = 0;
		};
/* End PBXFrameworksBuildPhase section */

/* Begin PBXGroup section */
		ED1986001E62DF1900552315 = {
			isa = PBXGroup;
			children = (
				ED19860B1E62DF1900552315 /* snow-effect */,
				ED19860A1E62DF1900552315 /* Products */,
			);
			sourceTree = "<group>";
		};
		ED19860A1E62DF1900552315 /* Products */ = {
			isa = PBXGroup;
			children = (
				ED1986091E62DF1900552315 /* snow-effect.app */,
				ED19862D1E62E83800552315 /* snow-effect-oc.app */,
			);
			name = Products;
			sourceTree = "<group>";
		};
		ED19860B1E62DF1900552315 /* snow-effect */ = {
			isa = PBXGroup;
			children = (
				EDE427BA1E63C36300B22DD5 /* snow-effect-oc */,
				ED19860C1E62DF1900552315 /* AppDelegate.swift */,
				ED19860E1E62DF1900552315 /* ViewController.swift */,
				ED19861E1E62E0C100552315 /* ActivityView.xib */,
				ED1986101E62DF1900552315 /* Main.storyboard */,
				ED1986131E62DF1900552315 /* Assets.xcassets */,
				ED1986151E62DF1900552315 /* LaunchScreen.storyboard */,
				ED1986181E62DF1900552315 /* Info.plist */,
			);
			path = "snow-effect";
			sourceTree = "<group>";
		};
		EDE427BA1E63C36300B22DD5 /* snow-effect-oc */ = {
			isa = PBXGroup;
			children = (
				EDE427B81E63C33400B22DD5 /* Main-oc.storyboard */,
				ED1986321E62E93E00552315 /* ViewController.h */,
				ED1986331E62E93E00552315 /* ViewController.m */,
				ED1986311E62E93E00552315 /* snow-effect-oc-Bridging-Header.h */,
				EDE427BB1E63C37900B22DD5 /* snow-effect-oc-Info.plist */,
			);
			name = "snow-effect-oc";
			sourceTree = "<group>";
		};
/* End PBXGroup section */

/* Begin PBXNativeTarget section */
		ED1986081E62DF1900552315 /* snow-effect */ = {
			isa = PBXNativeTarget;
			buildConfigurationList = ED19861B1E62DF1900552315 /* Build configuration list for PBXNativeTarget "snow-effect" */;
			buildPhases = (
				ED1986051E62DF1900552315 /* Sources */,
				ED1986061E62DF1900552315 /* Frameworks */,
				ED1986071E62DF1900552315 /* Resources */,
			);
			buildRules = (
			);
			dependencies = (
			);
			name = "snow-effect";
			productName = "snow-effect";
			productReference = ED1986091E62DF1900552315 /* snow-effect.app */;
			productType = "com.apple.product-type.application";
		};
		ED1986201E62E83800552315 /* snow-effect-oc */ = {
			isa = PBXNativeTarget;
			buildConfigurationList = ED19862A1E62E83800552315 /* Build configuration list for PBXNativeTarget "snow-effect-oc" */;
			buildPhases = (
				ED1986211E62E83800552315 /* Sources */,
				ED1986241E62E83800552315 /* Frameworks */,
				ED1986251E62E83800552315 /* Resources */,
			);
			buildRules = (
			);
			dependencies = (
			);
			name = "snow-effect-oc";
			productName = "snow-effect";
			productReference = ED19862D1E62E83800552315 /* snow-effect-oc.app */;
			productType = "com.apple.product-type.application";
		};
/* End PBXNativeTarget section */

/* Begin PBXProject section */
		ED1986011E62DF1900552315 /* Project object */ = {
			isa = PBXProject;
			attributes = {
				LastSwiftUpdateCheck = 0820;
				LastUpgradeCheck = 0820;
				ORGANIZATIONNAME = "Hangzhou Tomorning Technology Co., Ltd.";
				TargetAttributes = {
					ED1986081E62DF1900552315 = {
						CreatedOnToolsVersion = 8.2.1;
						DevelopmentTeam = RVRG597GCP;
						ProvisioningStyle = Automatic;
					};
					ED1986201E62E83800552315 = {
						DevelopmentTeam = RVRG597GCP;
						LastSwiftMigration = 0820;
					};
				};
			};
			buildConfigurationList = ED1986041E62DF1900552315 /* Build configuration list for PBXProject "snow-effect" */;
			compatibilityVersion = "Xcode 3.2";
			developmentRegion = English;
			hasScannedForEncodings = 0;
			knownRegions = (
				en,
				Base,
			);
			mainGroup = ED1986001E62DF1900552315;
			productRefGroup = ED19860A1E62DF1900552315 /* Products */;
			projectDirPath = "";
			projectRoot = "";
			targets = (
				ED1986081E62DF1900552315 /* snow-effect */,
				ED1986201E62E83800552315 /* snow-effect-oc */,
			);
		};
/* End PBXProject section */

/* Begin PBXResourcesBuildPhase section */
		ED1986071E62DF1900552315 /* Resources */ = {
			isa = PBXResourcesBuildPhase;
			buildActionMask = 2147483647;
			files = (
				ED1986171E62DF1900552315 /* LaunchScreen.storyboard in Resources */,
				ED19861F1E62E0C100552315 /* ActivityView.xib in Resources */,
				ED1986141E62DF1900552315 /* Assets.xcassets in Resources */,
				ED1986121E62DF1900552315 /* Main.storyboard in Resources */,
			);
			runOnlyForDeploymentPostprocessing = 0;
		};
		ED1986251E62E83800552315 /* Resources */ = {
			isa = PBXResourcesBuildPhase;
			buildActionMask = 2147483647;
			files = (
				ED1986261E62E83800552315 /* LaunchScreen.storyboard in Resources */,
				EDE427BC1E63C3A900B22DD5 /* Main-oc.storyboard in Resources */,
				ED1986271E62E83800552315 /* ActivityView.xib in Resources */,
				ED1986281E62E83800552315 /* Assets.xcassets in Resources */,
				ED1986291E62E83800552315 /* Main.storyboard in Resources */,
			);
			runOnlyForDeploymentPostprocessing = 0;
		};
/* End PBXResourcesBuildPhase section */

/* Begin PBXSourcesBuildPhase section */
		ED1986051E62DF1900552315 /* Sources */ = {
			isa = PBXSourcesBuildPhase;
			buildActionMask = 2147483647;
			files = (
				ED19860F1E62DF1900552315 /* ViewController.swift in Sources */,
				ED19860D1E62DF1900552315 /* AppDelegate.swift in Sources */,
			);
			runOnlyForDeploymentPostprocessing = 0;
		};
		ED1986211E62E83800552315 /* Sources */ = {
			isa = PBXSourcesBuildPhase;
			buildActionMask = 2147483647;
			files = (
				ED1986341E62E93E00552315 /* ViewController.m in Sources */,
				ED1986231E62E83800552315 /* AppDelegate.swift in Sources */,
			);
			runOnlyForDeploymentPostprocessing = 0;
		};
/* End PBXSourcesBuildPhase section */

/* Begin PBXVariantGroup section */
		ED1986101E62DF1900552315 /* Main.storyboard */ = {
			isa = PBXVariantGroup;
			children = (
				ED1986111E62DF1900552315 /* Base */,
			);
			name = Main.storyboard;
			sourceTree = "<group>";
		};
		ED1986151E62DF1900552315 /* LaunchScreen.storyboard */ = {
			isa = PBXVariantGroup;
			children = (
				ED1986161E62DF1900552315 /* Base */,
			);
			name = LaunchScreen.storyboard;
			sourceTree = "<group>";
		};
/* End PBXVariantGroup section */

/* Begin XCBuildConfiguration section */
		ED1986191E62DF1900552315 /* Debug */ = {
			isa = XCBuildConfiguration;
			buildSettings = {
				ALWAYS_SEARCH_USER_PATHS = NO;
				CLANG_ANALYZER_NONNULL = YES;
				CLANG_CXX_LANGUAGE_STANDARD = "gnu++0x";
				CLANG_CXX_LIBRARY = "libc++";
				CLANG_ENABLE_MODULES = YES;
				CLANG_ENABLE_OBJC_ARC = YES;
				CLANG_WARN_BOOL_CONVERSION = YES;
				CLANG_WARN_CONSTANT_CONVERSION = YES;
				CLANG_WARN_DIRECT_OBJC_ISA_USAGE = YES_ERROR;
				CLANG_WARN_DOCUMENTATION_COMMENTS = YES;
				CLANG_WARN_EMPTY_BODY = YES;
				CLANG_WARN_ENUM_CONVERSION = YES;
				CLANG_WARN_INFINITE_RECURSION = YES;
				CLANG_WARN_INT_CONVERSION = YES;
				CLANG_WARN_OBJC_ROOT_CLASS = YES_ERROR;
				CLANG_WARN_SUSPICIOUS_MOVE = YES;
				CLANG_WARN_UNREACHABLE_CODE = YES;
				CLANG_WARN__DUPLICATE_METHOD_MATCH = YES;
				"CODE_SIGN_IDENTITY[sdk=iphoneos*]" = "iPhone Developer";
				COPY_PHASE_STRIP = NO;
				DEBUG_INFORMATION_FORMAT = dwarf;
				ENABLE_STRICT_OBJC_MSGSEND = YES;
				ENABLE_TESTABILITY = YES;
				GCC_C_LANGUAGE_STANDARD = gnu99;
				GCC_DYNAMIC_NO_PIC = NO;
				GCC_NO_COMMON_BLOCKS = YES;
				GCC_OPTIMIZATION_LEVEL = 0;
				GCC_PREPROCESSOR_DEFINITIONS = (
					"DEBUG=1",
					"$(inherited)",
				);
				GCC_WARN_64_TO_32_BIT_CONVERSION = YES;
				GCC_WARN_ABOUT_RETURN_TYPE = YES_ERROR;
				GCC_WARN_UNDECLARED_SELECTOR = YES;
				GCC_WARN_UNINITIALIZED_AUTOS = YES_AGGRESSIVE;
				GCC_WARN_UNUSED_FUNCTION = YES;
				GCC_WARN_UNUSED_VARIABLE = YES;
				IPHONEOS_DEPLOYMENT_TARGET = 10.0;
				MTL_ENABLE_DEBUG_INFO = YES;
				ONLY_ACTIVE_ARCH = YES;
				SDKROOT = iphoneos;
				SWIFT_ACTIVE_COMPILATION_CONDITIONS = DEBUG;
				SWIFT_OPTIMIZATION_LEVEL = "-Onone";
			};
			name = Debug;
		};
		ED19861A1E62DF1900552315 /* Release */ = {
			isa = XCBuildConfiguration;
			buildSettings = {
				ALWAYS_SEARCH_USER_PATHS = NO;
				CLANG_ANALYZER_NONNULL = YES;
				CLANG_CXX_LANGUAGE_STANDARD = "gnu++0x";
				CLANG_CXX_LIBRARY = "libc++";
				CLANG_ENABLE_MODULES = YES;
				CLANG_ENABLE_OBJC_ARC = YES;
				CLANG_WARN_BOOL_CONVERSION = YES;
				CLANG_WARN_CONSTANT_CONVERSION = YES;
				CLANG_WARN_DIRECT_OBJC_ISA_USAGE = YES_ERROR;
				CLANG_WARN_DOCUMENTATION_COMMENTS = YES;
				CLANG_WARN_EMPTY_BODY = YES;
				CLANG_WARN_ENUM_CONVERSION = YES;
				CLANG_WARN_INFINITE_RECURSION = YES;
				CLANG_WARN_INT_CONVERSION = YES;
				CLANG_WARN_OBJC_ROOT_CLASS = YES_ERROR;
				CLANG_WARN_SUSPICIOUS_MOVE = YES;
				CLANG_WARN_UNREACHABLE_CODE = YES;
				CLANG_WARN__DUPLICATE_METHOD_MATCH = YES;
				"CODE_SIGN_IDENTITY[sdk=iphoneos*]" = "iPhone Developer";
				COPY_PHASE_STRIP = NO;
				DEBUG_INFORMATION_FORMAT = "dwarf-with-dsym";
				ENABLE_NS_ASSERTIONS = NO;
				ENABLE_STRICT_OBJC_MSGSEND = YES;
				GCC_C_LANGUAGE_STANDARD = gnu99;
				GCC_NO_COMMON_BLOCKS = YES;
				GCC_WARN_64_TO_32_BIT_CONVERSION = YES;
				GCC_WARN_ABOUT_RETURN_TYPE = YES_ERROR;
				GCC_WARN_UNDECLARED_SELECTOR = YES;
				GCC_WARN_UNINITIALIZED_AUTOS = YES_AGGRESSIVE;
				GCC_WARN_UNUSED_FUNCTION = YES;
				GCC_WARN_UNUSED_VARIABLE = YES;
				IPHONEOS_DEPLOYMENT_TARGET = 10.0;
				MTL_ENABLE_DEBUG_INFO = NO;
				SDKROOT = iphoneos;
				SWIFT_OPTIMIZATION_LEVEL = "-Owholemodule";
				VALIDATE_PRODUCT = YES;
			};
			name = Release;
		};
		ED19861C1E62DF1900552315 /* Debug */ = {
			isa = XCBuildConfiguration;
			buildSettings = {
				ASSETCATALOG_COMPILER_APPICON_NAME = AppIcon;
				DEVELOPMENT_TEAM = RVRG597GCP;
				INFOPLIST_FILE = "snow-effect/Info.plist";
				LD_RUNPATH_SEARCH_PATHS = "$(inherited) @executable_path/Frameworks";
				PRODUCT_BUNDLE_IDENTIFIER = "me.tomorning.snow-effect";
				PRODUCT_NAME = "$(TARGET_NAME)";
				SWIFT_VERSION = 3.0;
			};
			name = Debug;
		};
		ED19861D1E62DF1900552315 /* Release */ = {
			isa = XCBuildConfiguration;
			buildSettings = {
				ASSETCATALOG_COMPILER_APPICON_NAME = AppIcon;
				DEVELOPMENT_TEAM = RVRG597GCP;
				INFOPLIST_FILE = "snow-effect/Info.plist";
				LD_RUNPATH_SEARCH_PATHS = "$(inherited) @executable_path/Frameworks";
				PRODUCT_BUNDLE_IDENTIFIER = "me.tomorning.snow-effect";
				PRODUCT_NAME = "$(TARGET_NAME)";
				SWIFT_VERSION = 3.0;
			};
			name = Release;
		};
		ED19862B1E62E83800552315 /* Debug */ = {
			isa = XCBuildConfiguration;
			buildSettings = {
				ASSETCATALOG_COMPILER_APPICON_NAME = AppIcon;
				CLANG_ENABLE_MODULES = YES;
				DEVELOPMENT_TEAM = RVRG597GCP;
				INFOPLIST_FILE = "snow-effect/snow-effect-oc-Info.plist";
				LD_RUNPATH_SEARCH_PATHS = "$(inherited) @executable_path/Frameworks";
				PRODUCT_BUNDLE_IDENTIFIER = "me.tomorning.snow-effect";
				PRODUCT_NAME = "$(TARGET_NAME)";
				SWIFT_OBJC_BRIDGING_HEADER = "snow-effect/snow-effect-oc-Bridging-Header.h";
				SWIFT_OPTIMIZATION_LEVEL = "-Onone";
				SWIFT_VERSION = 3.0;
			};
			name = Debug;
		};
		ED19862C1E62E83800552315 /* Release */ = {
			isa = XCBuildConfiguration;
			buildSettings = {
				ASSETCATALOG_COMPILER_APPICON_NAME = AppIcon;
				CLANG_ENABLE_MODULES = YES;
				DEVELOPMENT_TEAM = RVRG597GCP;
				INFOPLIST_FILE = "snow-effect/snow-effect-oc-Info.plist";
				LD_RUNPATH_SEARCH_PATHS = "$(inherited) @executable_path/Frameworks";
				PRODUCT_BUNDLE_IDENTIFIER = "me.tomorning.snow-effect";
				PRODUCT_NAME = "$(TARGET_NAME)";
				SWIFT_OBJC_BRIDGING_HEADER = "snow-effect/snow-effect-oc-Bridging-Header.h";
				SWIFT_VERSION = 3.0;
			};
			name = Release;
		};
/* End XCBuildConfiguration section */

/* Begin XCConfigurationList section */
		ED1986041E62DF1900552315 /* Build configuration list for PBXProject "snow-effect" */ = {
			isa = XCConfigurationList;
			buildConfigurations = (
				ED1986191E62DF1900552315 /* Debug */,
				ED19861A1E62DF1900552315 /* Release */,
			);
			defaultConfigurationIsVisible = 0;
			defaultConfigurationName = Release;
		};
		ED19861B1E62DF1900552315 /* Build configuration list for PBXNativeTarget "snow-effect" */ = {
			isa = XCConfigurationList;
			buildConfigurations = (
				ED19861C1E62DF1900552315 /* Debug */,
				ED19861D1E62DF1900552315 /* Release */,
			);
			defaultConfigurationIsVisible = 0;
			defaultConfigurationName = Release;
		};
		ED19862A1E62E83800552315 /* Build configuration list for PBXNativeTarget "snow-effect-oc" */ = {
			isa = XCConfigurationList;
			buildConfigurations = (
				ED19862B1E62E83800552315 /* Debug */,
				ED19862C1E62E83800552315 /* Release */,
			);
			defaultConfigurationIsVisible = 0;
			defaultConfigurationName = Release;
		};
/* End XCConfigurationList section */
	};
	rootObject = ED1986011E62DF1900552315 /* Project object */;
}
